
Microsoft Visual Studio Solution File, Format Version 11.00
# Visual Studio 2010
Project("{FAE04EC0-301F-11D3-BF4B-00C04F79EFBC}") = "CarDealership", "CarDealership\CarDealership.csproj", "{8EFECCDA-E91A-45CA-BE70-E372D29F4B6F}"
EndProject
Project("{FAE04EC0-301F-11D3-BF4B-00C04F79EFBC}") = "CarDealership.Tests", "CarDealership.Tests\CarDealership.Tests.csproj", "{8F02DA71-EE95-4D61-8A55-8DEDC5DFCBFD}"
EndProject
Project("{2150E333-8FDC-42A3-9474-1A3956D46DE8}") = "Solution Items", "Solution Items", "{58D37F09-76F3-4708-B4B6-B209F781AAEF}"
	ProjectSection(SolutionItems) = preProject
		CarDealership.vsmdi = CarDealership.vsmdi
		Local.testsettings = Local.testsettings
		TraceAndTestImpact.testsettings = TraceAndTestImpact.testsettings
	EndProjectSection
EndProject
Global
	GlobalSection(TestCaseManagementSettings) = postSolution
		CategoryFile = CarDealership.vsmdi
	EndGlobalSection
	GlobalSection(SolutionConfigurationPlatforms) = preSolution
		Debug|Any CPU = Debug|Any CPU
		Debug|Mixed Platforms = Debug|Mixed Platforms
		Debug|x86 = Debug|x86
		Release|Any CPU = Release|Any CPU
		Release|Mixed Platforms = Release|Mixed Platforms
		Release|x86 = Release|x86
	EndGlobalSection
	GlobalSection(ProjectConfigurationPlatforms) = postSolution
		{8EFECCDA-E91A-45CA-BE70-E372D29F4B6F}.Debug|Any CPU.ActiveCfg = Debug|x86
		{8EFECCDA-E91A-45CA-BE70-E372D29F4B6F}.Debug|Mixed Platforms.ActiveCfg = Debug|x86
		{8EFECCDA-E91A-45CA-BE70-E372D29F4B6F}.Debug|Mixed Platforms.Build.0 = Debug|x86
		{8EFECCDA-E91A-45CA-BE70-E372D29F4B6F}.Debug|x86.ActiveCfg = Debug|x86
		{8EFECCDA-E91A-45CA-BE70-E372D29F4B6F}.Debug|x86.Build.0 = Debug|x86
		{8EFECCDA-E91A-45CA-BE70-E372D29F4B6F}.Release|Any CPU.ActiveCfg = Release|x86
		{8EFECCDA-E91A-45CA-BE70-E372D29F4B6F}.Release|Mixed Platforms.ActiveCfg = Release|x86
		{8EFECCDA-E91A-45CA-BE70-E372D29F4B6F}.Release|Mixed Platforms.Build.0 = Release|x86
		{8EFECCDA-E91A-45CA-BE70-E372D29F4B6F}.Release|x86.ActiveCfg = Release|x86
		{8EFECCDA-E91A-45CA-BE70-E372D29F4B6F}.Release|x86.Build.0 = Release|x86
		{8F02DA71-EE95-4D61-8A55-8DEDC5DFCBFD}.Debug|Any CPU.ActiveCfg = Debug|Any CPU
		{8F02DA71-EE95-4D61-8A55-8DEDC5DFCBFD}.Debug|Any CPU.Build.0 = Debug|Any CPU
		{8F02DA71-EE95-4D61-8A55-8DEDC5DFCBFD}.Debug|Mixed Platforms.ActiveCfg = Debug|Any CPU
		{8F02DA71-EE95-4D61-8A55-8DEDC5DFCBFD}.Debug|Mixed Platforms.Build.0 = Debug|Any CPU
		{8F02DA71-EE95-4D61-8A55-8DEDC5DFCBFD}.Debug|x86.ActiveCfg = Debug|Any CPU
		{8F02DA71-EE95-4D61-8A55-8DEDC5DFCBFD}.Release|Any CPU.ActiveCfg = Release|Any CPU
		{8F02DA71-EE95-4D61-8A55-8DEDC5DFCBFD}.Release|Any CPU.Build.0 = Release|Any CPU
		{8F02DA71-EE95-4D61-8A55-8DEDC5DFCBFD}.Release|Mixed Platforms.ActiveCfg = Release|Any CPU
		{8F02DA71-EE95-4D61-8A55-8DEDC5DFCBFD}.Release|Mixed Platforms.Build.0 = Release|Any CPU
		{8F02DA71-EE95-4D61-8A55-8DEDC5DFCBFD}.Release|x86.ActiveCfg = Release|Any CPU
	EndGlobalSection
	GlobalSection(SolutionProperties) = preSolution
		HideSolutionNode = FALSE
	EndGlobalSection
EndGlobal
